
Microsoft Visual Studio Solution File, Format Version 12.00
# Visual Studio 2012
Project("{FAE04EC0-301F-11D3-BF4B-00C04F79EFBC}") = "Public", "Public\Public.csproj", "{4AA50901-96FB-4ED2-B2F3-7F3094395896}"
EndProject
Project("{FAE04EC0-301F-11D3-BF4B-00C04F79EFBC}") = "DAL", "DAL\DAL.csproj", "{5CF572D7-6A21-4594-8AFB-33E4839D7BDB}"
EndProject
Project("{FAE04EC0-301F-11D3-BF4B-00C04F79EFBC}") = "BUL", "BUL\BUL.csproj", "{90E53062-2166-443F-A5DA-D993F4B78923}"
EndProject
Project("{FAE04EC0-301F-11D3-BF4B-00C04F79EFBC}") = "GUI", "GUI\GUI.csproj", "{B1EFBA01-14ED-43D4-A826-0198FD2181D0}"
EndProject
Global
	GlobalSection(SolutionConfigurationPlatforms) = preSolution
		Debug|Any CPU = Debug|Any CPU
		Release|Any CPU = Release|Any CPU
	EndGlobalSection
	GlobalSection(ProjectConfigurationPlatforms) = postSolution
		{4AA50901-96FB-4ED2-B2F3-7F3094395896}.Debug|Any CPU.ActiveCfg = Debug|Any CPU
		{4AA50901-96FB-4ED2-B2F3-7F3094395896}.Debug|Any CPU.Build.0 = Debug|Any CPU
		{4AA50901-96FB-4ED2-B2F3-7F3094395896}.Release|Any CPU.ActiveCfg = Release|Any CPU
		{4AA50901-96FB-4ED2-B2F3-7F3094395896}.Release|Any CPU.Build.0 = Release|Any CPU
		{5CF572D7-6A21-4594-8AFB-33E4839D7BDB}.Debug|Any CPU.ActiveCfg = Debug|Any CPU
		{5CF572D7-6A21-4594-8AFB-33E4839D7BDB}.Debug|Any CPU.Build.0 = Debug|Any CPU
		{5CF572D7-6A21-4594-8AFB-33E4839D7BDB}.Release|Any CPU.ActiveCfg = Release|Any CPU
		{5CF572D7-6A21-4594-8AFB-33E4839D7BDB}.Release|Any CPU.Build.0 = Release|Any CPU
		{90E53062-2166-443F-A5DA-D993F4B78923}.Debug|Any CPU.ActiveCfg = Debug|Any CPU
		{90E53062-2166-443F-A5DA-D993F4B78923}.Debug|Any CPU.Build.0 = Debug|Any CPU
		{90E53062-2166-443F-A5DA-D993F4B78923}.Release|Any CPU.ActiveCfg = Release|Any CPU
		{90E53062-2166-443F-A5DA-D993F4B78923}.Release|Any CPU.Build.0 = Release|Any CPU
		{B1EFBA01-14ED-43D4-A826-0198FD2181D0}.Debug|Any CPU.ActiveCfg = Debug|Any CPU
		{B1EFBA01-14ED-43D4-A826-0198FD2181D0}.Debug|Any CPU.Build.0 = Debug|Any CPU
		{B1EFBA01-14ED-43D4-A826-0198FD2181D0}.Release|Any CPU.ActiveCfg = Release|Any CPU
		{B1EFBA01-14ED-43D4-A826-0198FD2181D0}.Release|Any CPU.Build.0 = Release|Any CPU
	EndGlobalSection
	GlobalSection(SolutionProperties) = preSolution
		HideSolutionNode = FALSE
	EndGlobalSection
EndGlobal
